{
  "name": "wTemplateFileWriter",
  "version": "0.3.2",
  "lockfileVersion": 1,
  "requires": true,
  "dependencies": {
    "fs-extra": {
      "version": "4.0.2",
      "resolved": "https://registry.npmjs.org/fs-extra/-/fs-extra-4.0.2.tgz",
      "integrity": "sha1-+RcExT0bRh+JNFKwwwfZmXZHq2s=",
      "requires": {
        "graceful-fs": "4.1.11",
        "jsonfile": "4.0.0",
        "universalify": "0.1.1"
      }
    },
    "graceful-fs": {
      "version": "4.1.11",
      "resolved": "https://registry.npmjs.org/graceful-fs/-/graceful-fs-4.1.11.tgz",
      "integrity": "sha1-Dovf5NHduIVNZOBOp8AOKgJuVlg="
    },
    "jsonfile": {
      "version": "4.0.0",
      "resolved": "https://registry.npmjs.org/jsonfile/-/jsonfile-4.0.0.tgz",
      "integrity": "sha1-h3Gq4HmbZAdrdmQPygWPnBDjPss=",
      "requires": {
        "graceful-fs": "4.1.11"
      }
    },
    "underscore": {
      "version": "1.8.3",
      "resolved": "https://registry.npmjs.org/underscore/-/underscore-1.8.3.tgz",
      "integrity": "sha1-Tz+1OxBuYJf8+ctBCfKl6b36UCI="
    },
    "universalify": {
      "version": "0.1.1",
      "resolved": "https://registry.npmjs.org/universalify/-/universalify-0.1.1.tgz",
      "integrity": "sha1-+nG63UQ3r0wUiEHjs7Fl+enlkLc="
    },
    "wColor": {
      "version": "0.3.25",
      "resolved": "https://registry.npmjs.org/wColor/-/wColor-0.3.25.tgz",
      "integrity": "sha512-cocxCEK8BVSKjJq1uvQK/CKbt3P7udn1iz0Oz3WVS0AX/o4Tehuz3s014j8VQeOVUphzmvIxZeNuPu7noYKkwA==",
      "requires": {
        "wTools": "0.7.22"
      }
    },
    "wConsequence": {
      "version": "0.4.4",
      "resolved": "https://registry.npmjs.org/wConsequence/-/wConsequence-0.4.4.tgz",
      "integrity": "sha1-heLcVZ85FSQMlkZhB0OXdZ5CcNM=",
      "requires": {
        "wCopyable": "0.4.8",
        "wProto": "0.4.6",
        "wTools": "0.7.22"
      }
    },
    "wCopyable": {
      "version": "0.4.8",
      "resolved": "https://registry.npmjs.org/wCopyable/-/wCopyable-0.4.8.tgz",
      "integrity": "sha512-dqL//0+8YYFwBKAkTGTDj3AXJfeaOwbKtUV4K7vVHoKdy09OM4JpitwznYd+fN6NkhzrxKLggleshjd+0M8kbg==",
      "requires": {
        "wProto": "0.4.6",
        "wTools": "0.7.22",
        "wcloner": "0.3.10"
      }
    },
    "wEventHandler": {
      "version": "0.4.4",
      "resolved": "https://registry.npmjs.org/wEventHandler/-/wEventHandler-0.4.4.tgz",
      "integrity": "sha1-u+0AWm/ARFM/uz8LuXjkWtnt2VU=",
      "requires": {
        "wProto": "0.4.6",
        "wTools": "0.7.22"
      }
    },
    "wFiles": {
      "version": "0.5.40",
      "resolved": "https://registry.npmjs.org/wFiles/-/wFiles-0.5.40.tgz",
      "integrity": "sha512-Kn+gNbtpOyqurcgArf8ox4Nlao9fVIfqILRqqcz5md+SXVoZawS9RsUbLZL5Hw6ceBSwyMWEU05AoNVMexV9xQ==",
      "requires": {
        "fs-extra": "4.0.2",
        "wConsequence": "0.4.4",
        "wPath": "0.5.10",
        "wProto": "0.4.6",
        "wRegexpObject": "0.4.23",
        "wTools": "0.7.22"
      }
    },
    "wLogger": {
      "version": "0.5.14",
      "resolved": "https://registry.npmjs.org/wLogger/-/wLogger-0.5.14.tgz",
      "integrity": "sha1-xNTcf8JLxCdLmYJuHXws+VU19iI=",
      "requires": {
        "wColor": "0.3.25",
        "wCopyable": "0.4.8",
        "wFiles": "0.5.40",
        "wTools": "0.7.22"
      }
    },
    "wPath": {
      "version": "0.5.10",
      "resolved": "https://registry.npmjs.org/wPath/-/wPath-0.5.10.tgz",
      "integrity": "sha512-Y/0rT0YJoqgGeQFPLDSxzI8FzZcffjNV3GjCDAu5F6QC1muTumgDNwGDGpkGZSi9e1rihXzSMeyutdOyb6JWGQ==",
      "requires": {
        "wTools": "0.7.22"
      }
    },
    "wProto": {
      "version": "0.4.6",
      "resolved": "https://registry.npmjs.org/wProto/-/wProto-0.4.6.tgz",
      "integrity": "sha512-LbsIX3liqanahcuwlwDIuq7CrSb83Pp6FZEu+bSOVNIgsgf3a27oUH4uLFTSG72FWOby81hUb9U43AXx20Pg8Q==",
      "requires": {
        "wTools": "0.7.22"
      }
    },
    "wRegexpObject": {
      "version": "0.4.23",
      "resolved": "https://registry.npmjs.org/wRegexpObject/-/wRegexpObject-0.4.23.tgz",
      "integrity": "sha1-Z0uUdM5NmK5kpl1indqK8IZxHJQ=",
      "requires": {
        "wTools": "0.7.22"
      }
    },
    "wTesting": {
      "version": "0.4.16",
      "resolved": "https://registry.npmjs.org/wTesting/-/wTesting-0.4.16.tgz",
      "integrity": "sha1-nySLgpYxVhGjfUT0YGNXO4oK2Yc=",
      "requires": {
        "wConsequence": "0.4.4",
        "wCopyable": "0.4.8",
        "wEventHandler": "0.4.4",
        "wLogger": "0.5.14",
        "wProto": "0.4.6",
        "wTools": "0.7.22",
        "winstancing": "0.3.12"
      }
    },
    "wTools": {
      "version": "0.7.22",
      "resolved": "https://registry.npmjs.org/wTools/-/wTools-0.7.22.tgz",
      "integrity": "sha512-HwJMceurJ67apItyw4oeKQvZpEJx2vK2LDGUe/XwSQxXvJabGKymdiYM99DCdt93DWkge4GeMZUtUowy5BOOQQ==",
      "requires": {
        "underscore": "1.8.3"
      }
    },
    "wcloner": {
      "version": "0.3.10",
      "resolved": "https://registry.npmjs.org/wcloner/-/wcloner-0.3.10.tgz",
      "integrity": "sha1-HBlHd7050+WvuhfLSH7j6xCDoKI=",
      "requires": {
        "wTools": "0.7.22"
      }
    },
    "winstancing": {
      "version": "0.3.12",
      "resolved": "https://registry.npmjs.org/winstancing/-/winstancing-0.3.12.tgz",
      "integrity": "sha1-mOhvrdJDBck1HRQ5JEmqrAuRPp0=",
      "requires": {
        "wCopyable": "0.4.8",
        "wProto": "0.4.6",
        "wTools": "0.7.22",
        "winstancing": "0.3.12"
      }
    }
  }
}
